// !$*UTF8*$!
{
	archiveVersion = 1;
	classes = {
	};
	objectVersion = 50;
	objects = {

/* Begin PBXBuildFile section */
		30BA5D2222D13F700049BD97 /* main.cpp in Sources */ = {isa = PBXBuildFile; fileRef = 30BA5D2122D13F700049BD97 /* main.cpp */; };
		30BA5D2E22D140DE0049BD97 /* libfreeimage.a in Frameworks */ = {isa = PBXBuildFile; fileRef = 30BA5D2D22D140DE0049BD97 /* libfreeimage.a */; };
		30BA5D3022D140F50049BD97 /* libGLEW.a in Frameworks */ = {isa = PBXBuildFile; fileRef = 30BA5D2F22D140F50049BD97 /* libGLEW.a */; };
		30BA5D3222D140FF0049BD97 /* libglfw3.a in Frameworks */ = {isa = PBXBuildFile; fileRef = 30BA5D3122D140FF0049BD97 /* libglfw3.a */; };
		30BA5D3422D141960049BD97 /* OpenGL.framework in Frameworks */ = {isa = PBXBuildFile; fileRef = 30BA5D3322D141960049BD97 /* OpenGL.framework */; };
		30BA5D3622D1419C0049BD97 /* IOKit.framework in Frameworks */ = {isa = PBXBuildFile; fileRef = 30BA5D3522D1419C0049BD97 /* IOKit.framework */; };
		30BA5D3822D141A50049BD97 /* Cocoa.framework in Frameworks */ = {isa = PBXBuildFile; fileRef = 30BA5D3722D141A50049BD97 /* Cocoa.framework */; };
		30BA5D3A22D141AE0049BD97 /* CoreVideo.framework in Frameworks */ = {isa = PBXBuildFile; fileRef = 30BA5D3922D141AE0049BD97 /* CoreVideo.framework */; };
/* End PBXBuildFile section */

/* Begin PBXCopyFilesBuildPhase section */
		30BA5D1C22D13F700049BD97 /* CopyFiles */ = {
			isa = PBXCopyFilesBuildPhase;
			buildActionMask = 2147483647;
			dstPath = /usr/share/man/man1/;
			dstSubfolderSpec = 0;
			files = (
			);
			runOnlyForDeploymentPostprocessing = 1;
		};
/* End PBXCopyFilesBuildPhase section */

/* Begin PBXFileReference section */
		30BA5D1E22D13F700049BD97 /* COMP371_Project */ = {isa = PBXFileReference; explicitFileType = "compiled.mach-o.executable"; includeInIndex = 0; path = COMP371_Project; sourceTree = BUILT_PRODUCTS_DIR; };
		30BA5D2122D13F700049BD97 /* main.cpp */ = {isa = PBXFileReference; lastKnownFileType = sourcecode.cpp.cpp; path = main.cpp; sourceTree = "<group>"; };
		30BA5D2D22D140DE0049BD97 /* libfreeimage.a */ = {isa = PBXFileReference; lastKnownFileType = archive.ar; name = libfreeimage.a; path = "ThirdParty/FreeImage-3170/lib/osx/libfreeimage.a"; sourceTree = "<group>"; };
		30BA5D2F22D140F50049BD97 /* libGLEW.a */ = {isa = PBXFileReference; lastKnownFileType = archive.ar; name = libGLEW.a; path = "ThirdParty/glew-2.1.0/lib/osx/libGLEW.a"; sourceTree = "<group>"; };
		30BA5D3122D140FF0049BD97 /* libglfw3.a */ = {isa = PBXFileReference; lastKnownFileType = archive.ar; name = libglfw3.a; path = "ThirdParty/glfw-3.3/lib/osx/libglfw3.a"; sourceTree = "<group>"; };
		30BA5D3322D141960049BD97 /* OpenGL.framework */ = {isa = PBXFileReference; lastKnownFileType = wrapper.framework; name = OpenGL.framework; path = System/Library/Frameworks/OpenGL.framework; sourceTree = SDKROOT; };
		30BA5D3522D1419C0049BD97 /* IOKit.framework */ = {isa = PBXFileReference; lastKnownFileType = wrapper.framework; name = IOKit.framework; path = System/Library/Frameworks/IOKit.framework; sourceTree = SDKROOT; };
		30BA5D3722D141A50049BD97 /* Cocoa.framework */ = {isa = PBXFileReference; lastKnownFileType = wrapper.framework; name = Cocoa.framework; path = System/Library/Frameworks/Cocoa.framework; sourceTree = SDKROOT; };
		30BA5D3922D141AE0049BD97 /* CoreVideo.framework */ = {isa = PBXFileReference; lastKnownFileType = wrapper.framework; name = CoreVideo.framework; path = System/Library/Frameworks/CoreVideo.framework; sourceTree = SDKROOT; };
/* End PBXFileReference section */

/* Begin PBXFrameworksBuildPhase section */
		30BA5D1B22D13F700049BD97 /* Frameworks */ = {
			isa = PBXFrameworksBuildPhase;
			buildActionMask = 2147483647;
			files = (
				30BA5D3A22D141AE0049BD97 /* CoreVideo.framework in Frameworks */,
				30BA5D3822D141A50049BD97 /* Cocoa.framework in Frameworks */,
				30BA5D3622D1419C0049BD97 /* IOKit.framework in Frameworks */,
				30BA5D3422D141960049BD97 /* OpenGL.framework in Frameworks */,
				30BA5D3222D140FF0049BD97 /* libglfw3.a in Frameworks */,
				30BA5D3022D140F50049BD97 /* libGLEW.a in Frameworks */,
				30BA5D2E22D140DE0049BD97 /* libfreeimage.a in Frameworks */,
			);
			runOnlyForDeploymentPostprocessing = 0;
		};
/* End PBXFrameworksBuildPhase section */

/* Begin PBXGroup section */
		30BA5D1522D13F700049BD97 = {
			isa = PBXGroup;
			children = (
				30BA5D2022D13F700049BD97 /* Source */,
				30BA5D2822D13F8A0049BD97 /* Frameworks */,
				30BA5D1F22D13F700049BD97 /* Products */,
			);
			sourceTree = "<group>";
		};
		30BA5D1F22D13F700049BD97 /* Products */ = {
			isa = PBXGroup;
			children = (
				30BA5D1E22D13F700049BD97 /* COMP371_Project */,
			);
			name = Products;
			sourceTree = "<group>";
		};
		30BA5D2022D13F700049BD97 /* Source */ = {
			isa = PBXGroup;
			children = (
				30BA5D2122D13F700049BD97 /* main.cpp */,
			);
			path = Source;
			sourceTree = "<group>";
		};
		30BA5D2822D13F8A0049BD97 /* Frameworks */ = {
			isa = PBXGroup;
			children = (
				30BA5D2D22D140DE0049BD97 /* libfreeimage.a */,
				30BA5D2F22D140F50049BD97 /* libGLEW.a */,
				30BA5D3122D140FF0049BD97 /* libglfw3.a */,
				30BA5D3922D141AE0049BD97 /* CoreVideo.framework */,
				30BA5D3722D141A50049BD97 /* Cocoa.framework */,
				30BA5D3522D1419C0049BD97 /* IOKit.framework */,
				30BA5D3322D141960049BD97 /* OpenGL.framework */,
			);
			name = Frameworks;
			sourceTree = "<group>";
		};
/* End PBXGroup section */

/* Begin PBXNativeTarget section */
		30BA5D1D22D13F700049BD97 /* COMP371_Project */ = {
			isa = PBXNativeTarget;
			buildConfigurationList = 30BA5D2522D13F700049BD97 /* Build configuration list for PBXNativeTarget "COMP371_Project" */;
			buildPhases = (
				30BA5D1A22D13F700049BD97 /* Sources */,
				30BA5D1B22D13F700049BD97 /* Frameworks */,
				30BA5D1C22D13F700049BD97 /* CopyFiles */,
			);
			buildRules = (
			);
			dependencies = (
			);
			name = COMP371_Project;
			productName = COMP371_Project;
			productReference = 30BA5D1E22D13F700049BD97 /* COMP371_Project */;
			productType = "com.apple.product-type.tool";
		};
/* End PBXNativeTarget section */

/* Begin PBXProject section */
		30BA5D1622D13F700049BD97 /* Project object */ = {
			isa = PBXProject;
			attributes = {
				LastUpgradeCheck = 1020;
				ORGANIZATIONNAME = "Corentin Artaud";
				TargetAttributes = {
					30BA5D1D22D13F700049BD97 = {
						CreatedOnToolsVersion = 10.2.1;
					};
				};
			};
			buildConfigurationList = 30BA5D1922D13F700049BD97 /* Build configuration list for PBXProject "COMP371_Project" */;
			compatibilityVersion = "Xcode 9.3";
			developmentRegion = en;
			hasScannedForEncodings = 0;
			knownRegions = (
				en,
			);
			mainGroup = 30BA5D1522D13F700049BD97;
			productRefGroup = 30BA5D1F22D13F700049BD97 /* Products */;
			projectDirPath = "";
			projectRoot = "";
			targets = (
				30BA5D1D22D13F700049BD97 /* COMP371_Project */,
			);
		};
/* End PBXProject section */

/* Begin PBXSourcesBuildPhase section */
		30BA5D1A22D13F700049BD97 /* Sources */ = {
			isa = PBXSourcesBuildPhase;
			buildActionMask = 2147483647;
			files = (
				30BA5D2222D13F700049BD97 /* main.cpp in Sources */,
			);
			runOnlyForDeploymentPostprocessing = 0;
		};
/* End PBXSourcesBuildPhase section */

/* Begin XCBuildConfiguration section */
		30BA5D2322D13F700049BD97 /* Debug */ = {
			isa = XCBuildConfiguration;
			buildSettings = {
				ALWAYS_SEARCH_USER_PATHS = NO;
				CLANG_ANALYZER_NONNULL = YES;
				CLANG_ANALYZER_NUMBER_OBJECT_CONVERSION = YES_AGGRESSIVE;
				CLANG_CXX_LANGUAGE_STANDARD = "gnu++14";
				CLANG_CXX_LIBRARY = "libc++";
				CLANG_ENABLE_MODULES = YES;
				CLANG_ENABLE_OBJC_ARC = YES;
				CLANG_ENABLE_OBJC_WEAK = YES;
				CLANG_WARN_BLOCK_CAPTURE_AUTORELEASING = YES;
				CLANG_WARN_BOOL_CONVERSION = YES;
				CLANG_WARN_COMMA = YES;
				CLANG_WARN_CONSTANT_CONVERSION = YES;
				CLANG_WARN_DEPRECATED_OBJC_IMPLEMENTATIONS = YES;
				CLANG_WARN_DIRECT_OBJC_ISA_USAGE = YES_ERROR;
				CLANG_WARN_DOCUMENTATION_COMMENTS = YES;
				CLANG_WARN_EMPTY_BODY = YES;
				CLANG_WARN_ENUM_CONVERSION = YES;
				CLANG_WARN_INFINITE_RECURSION = YES;
				CLANG_WARN_INT_CONVERSION = YES;
				CLANG_WARN_NON_LITERAL_NULL_CONVERSION = YES;
				CLANG_WARN_OBJC_IMPLICIT_RETAIN_SELF = YES;
				CLANG_WARN_OBJC_LITERAL_CONVERSION = YES;
				CLANG_WARN_OBJC_ROOT_CLASS = YES_ERROR;
				CLANG_WARN_RANGE_LOOP_ANALYSIS = YES;
				CLANG_WARN_STRICT_PROTOTYPES = YES;
				CLANG_WARN_SUSPICIOUS_MOVE = YES;
				CLANG_WARN_UNGUARDED_AVAILABILITY = YES_AGGRESSIVE;
				CLANG_WARN_UNREACHABLE_CODE = YES;
				CLANG_WARN__DUPLICATE_METHOD_MATCH = YES;
				CODE_SIGN_IDENTITY = "-";
				COPY_PHASE_STRIP = NO;
				DEBUG_INFORMATION_FORMAT = dwarf;
				ENABLE_STRICT_OBJC_MSGSEND = YES;
				ENABLE_TESTABILITY = YES;
				GCC_C_LANGUAGE_STANDARD = gnu11;
				GCC_DYNAMIC_NO_PIC = NO;
				GCC_NO_COMMON_BLOCKS = YES;
				GCC_OPTIMIZATION_LEVEL = 0;
				GCC_PREPROCESSOR_DEFINITIONS = (
					"DEBUG=1",
					"$(inherited)",
				);
				GCC_WARN_64_TO_32_BIT_CONVERSION = YES;
				GCC_WARN_ABOUT_RETURN_TYPE = YES_ERROR;
				GCC_WARN_UNDECLARED_SELECTOR = YES;
				GCC_WARN_UNINITIALIZED_AUTOS = YES_AGGRESSIVE;
				GCC_WARN_UNUSED_FUNCTION = YES;
				GCC_WARN_UNUSED_VARIABLE = YES;
				MACOSX_DEPLOYMENT_TARGET = 10.14;
				MTL_ENABLE_DEBUG_INFO = INCLUDE_SOURCE;
				MTL_FAST_MATH = YES;
				ONLY_ACTIVE_ARCH = YES;
				SDKROOT = macosx;
			};
			name = Debug;
		};
		30BA5D2422D13F700049BD97 /* Release */ = {
			isa = XCBuildConfiguration;
			buildSettings = {
				ALWAYS_SEARCH_USER_PATHS = NO;
				CLANG_ANALYZER_NONNULL = YES;
				CLANG_ANALYZER_NUMBER_OBJECT_CONVERSION = YES_AGGRESSIVE;
				CLANG_CXX_LANGUAGE_STANDARD = "gnu++14";
				CLANG_CXX_LIBRARY = "libc++";
				CLANG_ENABLE_MODULES = YES;
				CLANG_ENABLE_OBJC_ARC = YES;
				CLANG_ENABLE_OBJC_WEAK = YES;
				CLANG_WARN_BLOCK_CAPTURE_AUTORELEASING = YES;
				CLANG_WARN_BOOL_CONVERSION = YES;
				CLANG_WARN_COMMA = YES;
				CLANG_WARN_CONSTANT_CONVERSION = YES;
				CLANG_WARN_DEPRECATED_OBJC_IMPLEMENTATIONS = YES;
				CLANG_WARN_DIRECT_OBJC_ISA_USAGE = YES_ERROR;
				CLANG_WARN_DOCUMENTATION_COMMENTS = YES;
				CLANG_WARN_EMPTY_BODY = YES;
				CLANG_WARN_ENUM_CONVERSION = YES;
				CLANG_WARN_INFINITE_RECURSION = YES;
				CLANG_WARN_INT_CONVERSION = YES;
				CLANG_WARN_NON_LITERAL_NULL_CONVERSION = YES;
				CLANG_WARN_OBJC_IMPLICIT_RETAIN_SELF = YES;
				CLANG_WARN_OBJC_LITERAL_CONVERSION = YES;
				CLANG_WARN_OBJC_ROOT_CLASS = YES_ERROR;
				CLANG_WARN_RANGE_LOOP_ANALYSIS = YES;
				CLANG_WARN_STRICT_PROTOTYPES = YES;
				CLANG_WARN_SUSPICIOUS_MOVE = YES;
				CLANG_WARN_UNGUARDED_AVAILABILITY = YES_AGGRESSIVE;
				CLANG_WARN_UNREACHABLE_CODE = YES;
				CLANG_WARN__DUPLICATE_METHOD_MATCH = YES;
				CODE_SIGN_IDENTITY = "-";
				COPY_PHASE_STRIP = NO;
				DEBUG_INFORMATION_FORMAT = "dwarf-with-dsym";
				ENABLE_NS_ASSERTIONS = NO;
				ENABLE_STRICT_OBJC_MSGSEND = YES;
				GCC_C_LANGUAGE_STANDARD = gnu11;
				GCC_NO_COMMON_BLOCKS = YES;
				GCC_WARN_64_TO_32_BIT_CONVERSION = YES;
				GCC_WARN_ABOUT_RETURN_TYPE = YES_ERROR;
				GCC_WARN_UNDECLARED_SELECTOR = YES;
				GCC_WARN_UNINITIALIZED_AUTOS = YES_AGGRESSIVE;
				GCC_WARN_UNUSED_FUNCTION = YES;
				GCC_WARN_UNUSED_VARIABLE = YES;
				MACOSX_DEPLOYMENT_TARGET = 10.14;
				MTL_ENABLE_DEBUG_INFO = NO;
				MTL_FAST_MATH = YES;
				SDKROOT = macosx;
			};
			name = Release;
		};
		30BA5D2622D13F700049BD97 /* Debug */ = {
			isa = XCBuildConfiguration;
			buildSettings = {
				CODE_SIGN_STYLE = Automatic;
				LIBRARY_SEARCH_PATHS = (
					"$(inherited)",
					"$(PROJECT_DIR)/ThirdParty/FreeImage-3170/lib/osx",
					"$(PROJECT_DIR)/ThirdParty/glew-2.1.0/lib/osx",
					"$(PROJECT_DIR)/ThirdParty/glfw-3.3/lib/osx",
				);
				PRODUCT_NAME = "$(TARGET_NAME)";
			};
			name = Debug;
		};
		30BA5D2722D13F700049BD97 /* Release */ = {
			isa = XCBuildConfiguration;
			buildSettings = {
				CODE_SIGN_STYLE = Automatic;
				LIBRARY_SEARCH_PATHS = (
					"$(inherited)",
					"$(PROJECT_DIR)/ThirdParty/FreeImage-3170/lib/osx",
					"$(PROJECT_DIR)/ThirdParty/glew-2.1.0/lib/osx",
					"$(PROJECT_DIR)/ThirdParty/glfw-3.3/lib/osx",
				);
				PRODUCT_NAME = "$(TARGET_NAME)";
			};
			name = Release;
		};
/* End XCBuildConfiguration section */

/* Begin XCConfigurationList section */
		30BA5D1922D13F700049BD97 /* Build configuration list for PBXProject "COMP371_Project" */ = {
			isa = XCConfigurationList;
			buildConfigurations = (
				30BA5D2322D13F700049BD97 /* Debug */,
				30BA5D2422D13F700049BD97 /* Release */,
			);
			defaultConfigurationIsVisible = 0;
			defaultConfigurationName = Release;
		};
		30BA5D2522D13F700049BD97 /* Build configuration list for PBXNativeTarget "COMP371_Project" */ = {
			isa = XCConfigurationList;
			buildConfigurations = (
				30BA5D2622D13F700049BD97 /* Debug */,
				30BA5D2722D13F700049BD97 /* Release */,
			);
			defaultConfigurationIsVisible = 0;
			defaultConfigurationName = Release;
		};
/* End XCConfigurationList section */
	};
	rootObject = 30BA5D1622D13F700049BD97 /* Project object */;
}
